
Microsoft Visual Studio Solution File, Format Version 12.00
# Visual Studio 2012
Project("{F2A71F9B-5D33-465A-A702-920D77279786}") = "Setup", "Setup\Setup.fsproj", "{DEE10C57-B272-4AE4-AA1A-BD2BC63A3D92}"
EndProject
Project("{F2A71F9B-5D33-465A-A702-920D77279786}") = "Common", "Common\Common.fsproj", "{AA959EFC-2096-448D-B331-407F19760BBD}"
EndProject
Project("{F2A71F9B-5D33-465A-A702-920D77279786}") = "Common.Test", "Common.Test\Common.Test.fsproj", "{F43B1BA3-3100-42C5-8143-19C9BCC448C5}"
EndProject
Project("{F2A71F9B-5D33-465A-A702-920D77279786}") = "Web", "Web\Web.fsproj", "{FBC78F53-2418-41EC-877C-60FFF151669B}"
EndProject
Project("{F2A71F9B-5D33-465A-A702-920D77279786}") = "functions", "functions\functions.fsproj", "{97E3101A-6824-4D61-A495-7243775C5C33}"
EndProject
Project("{F2A71F9B-5D33-465A-A702-920D77279786}") = "DataLoader", "DataLoader\DataLoader.fsproj", "{E124113E-DCB1-4522-8667-13565EB75E46}"
EndProject
Global
	GlobalSection(SolutionConfigurationPlatforms) = preSolution
		Debug|Any CPU = Debug|Any CPU
		Release|Any CPU = Release|Any CPU
	EndGlobalSection
	GlobalSection(ProjectConfigurationPlatforms) = postSolution
		{DEE10C57-B272-4AE4-AA1A-BD2BC63A3D92}.Debug|Any CPU.ActiveCfg = Debug|Any CPU
		{DEE10C57-B272-4AE4-AA1A-BD2BC63A3D92}.Debug|Any CPU.Build.0 = Debug|Any CPU
		{DEE10C57-B272-4AE4-AA1A-BD2BC63A3D92}.Release|Any CPU.ActiveCfg = Release|Any CPU
		{DEE10C57-B272-4AE4-AA1A-BD2BC63A3D92}.Release|Any CPU.Build.0 = Release|Any CPU
		{AA959EFC-2096-448D-B331-407F19760BBD}.Debug|Any CPU.ActiveCfg = Debug|Any CPU
		{AA959EFC-2096-448D-B331-407F19760BBD}.Debug|Any CPU.Build.0 = Debug|Any CPU
		{AA959EFC-2096-448D-B331-407F19760BBD}.Release|Any CPU.ActiveCfg = Release|Any CPU
		{AA959EFC-2096-448D-B331-407F19760BBD}.Release|Any CPU.Build.0 = Release|Any CPU
		{F43B1BA3-3100-42C5-8143-19C9BCC448C5}.Debug|Any CPU.ActiveCfg = Debug|Any CPU
		{F43B1BA3-3100-42C5-8143-19C9BCC448C5}.Debug|Any CPU.Build.0 = Debug|Any CPU
		{F43B1BA3-3100-42C5-8143-19C9BCC448C5}.Release|Any CPU.ActiveCfg = Release|Any CPU
		{F43B1BA3-3100-42C5-8143-19C9BCC448C5}.Release|Any CPU.Build.0 = Release|Any CPU
		{FBC78F53-2418-41EC-877C-60FFF151669B}.Debug|Any CPU.ActiveCfg = Debug|Any CPU
		{FBC78F53-2418-41EC-877C-60FFF151669B}.Debug|Any CPU.Build.0 = Debug|Any CPU
		{FBC78F53-2418-41EC-877C-60FFF151669B}.Release|Any CPU.ActiveCfg = Release|Any CPU
		{FBC78F53-2418-41EC-877C-60FFF151669B}.Release|Any CPU.Build.0 = Release|Any CPU
		{97E3101A-6824-4D61-A495-7243775C5C33}.Debug|Any CPU.ActiveCfg = Debug|Any CPU
		{97E3101A-6824-4D61-A495-7243775C5C33}.Debug|Any CPU.Build.0 = Debug|Any CPU
		{97E3101A-6824-4D61-A495-7243775C5C33}.Release|Any CPU.ActiveCfg = Release|Any CPU
		{97E3101A-6824-4D61-A495-7243775C5C33}.Release|Any CPU.Build.0 = Release|Any CPU
		{E124113E-DCB1-4522-8667-13565EB75E46}.Debug|Any CPU.ActiveCfg = Debug|Any CPU
		{E124113E-DCB1-4522-8667-13565EB75E46}.Debug|Any CPU.Build.0 = Debug|Any CPU
		{E124113E-DCB1-4522-8667-13565EB75E46}.Release|Any CPU.ActiveCfg = Release|Any CPU
		{E124113E-DCB1-4522-8667-13565EB75E46}.Release|Any CPU.Build.0 = Release|Any CPU
	EndGlobalSection
EndGlobal
